// !$*UTF8*$!
{
	archiveVersion = 1;
	classes = {
	};
	objectVersion = 56;
	objects = {

/* Begin PBXBuildFile section */
		7D93B43B2962005600EBFB62 /* StatusifyApp.swift in Sources */ = {isa = PBXBuildFile; fileRef = 7D93B43A2962005600EBFB62 /* StatusifyApp.swift */; };
		7D93B43D2962005600EBFB62 /* ContentView.swift in Sources */ = {isa = PBXBuildFile; fileRef = 7D93B43C2962005600EBFB62 /* ContentView.swift */; };
		7D93B43F2962005900EBFB62 /* Assets.xcassets in Resources */ = {isa = PBXBuildFile; fileRef = 7D93B43E2962005900EBFB62 /* Assets.xcassets */; };
		7D93B4422962005900EBFB62 /* Preview Assets.xcassets in Resources */ = {isa = PBXBuildFile; fileRef = 7D93B4412962005900EBFB62 /* Preview Assets.xcassets */; };
		7D93B44A2962028200EBFB62 /* AppDelegate.swift in Sources */ = {isa = PBXBuildFile; fileRef = 7D93B4492962028200EBFB62 /* AppDelegate.swift */; };
		7D93B44C2962031F00EBFB62 /* PopoverView.swift in Sources */ = {isa = PBXBuildFile; fileRef = 7D93B44B2962031F00EBFB62 /* PopoverView.swift */; };
		7D93B44E2962037C00EBFB62 /* StatusBarController.swift in Sources */ = {isa = PBXBuildFile; fileRef = 7D93B44D2962037C00EBFB62 /* StatusBarController.swift */; };
		7DA10B3A29625CC50082B9D3 /* SpotifyResponse.swift in Sources */ = {isa = PBXBuildFile; fileRef = 7DA10B3929625CC50082B9D3 /* SpotifyResponse.swift */; };
		7DD1476529621DC2008F56BA /* Shell.swift in Sources */ = {isa = PBXBuildFile; fileRef = 7DD1476429621DC2008F56BA /* Shell.swift */; };
/* End PBXBuildFile section */

/* Begin PBXFileReference section */
		7D93B4372962005600EBFB62 /* Statusify.app */ = {isa = PBXFileReference; explicitFileType = wrapper.application; includeInIndex = 0; path = Statusify.app; sourceTree = BUILT_PRODUCTS_DIR; };
		7D93B43A2962005600EBFB62 /* StatusifyApp.swift */ = {isa = PBXFileReference; lastKnownFileType = sourcecode.swift; path = StatusifyApp.swift; sourceTree = "<group>"; };
		7D93B43C2962005600EBFB62 /* ContentView.swift */ = {isa = PBXFileReference; lastKnownFileType = sourcecode.swift; path = ContentView.swift; sourceTree = "<group>"; };
		7D93B43E2962005900EBFB62 /* Assets.xcassets */ = {isa = PBXFileReference; lastKnownFileType = folder.assetcatalog; path = Assets.xcassets; sourceTree = "<group>"; };
		7D93B4412962005900EBFB62 /* Preview Assets.xcassets */ = {isa = PBXFileReference; lastKnownFileType = folder.assetcatalog; path = "Preview Assets.xcassets"; sourceTree = "<group>"; };
		7D93B4432962005900EBFB62 /* Statusify.entitlements */ = {isa = PBXFileReference; lastKnownFileType = text.plist.entitlements; path = Statusify.entitlements; sourceTree = "<group>"; };
		7D93B4492962028200EBFB62 /* AppDelegate.swift */ = {isa = PBXFileReference; lastKnownFileType = sourcecode.swift; path = AppDelegate.swift; sourceTree = "<group>"; };
		7D93B44B2962031F00EBFB62 /* PopoverView.swift */ = {isa = PBXFileReference; lastKnownFileType = sourcecode.swift; path = PopoverView.swift; sourceTree = "<group>"; };
		7D93B44D2962037C00EBFB62 /* StatusBarController.swift */ = {isa = PBXFileReference; lastKnownFileType = sourcecode.swift; path = StatusBarController.swift; sourceTree = "<group>"; };
		7DA10B3929625CC50082B9D3 /* SpotifyResponse.swift */ = {isa = PBXFileReference; lastKnownFileType = sourcecode.swift; path = SpotifyResponse.swift; sourceTree = "<group>"; };
		7DD1476429621DC2008F56BA /* Shell.swift */ = {isa = PBXFileReference; lastKnownFileType = sourcecode.swift; path = Shell.swift; sourceTree = "<group>"; };
		7DD1476629622AAD008F56BA /* Info.plist */ = {isa = PBXFileReference; lastKnownFileType = text.plist; path = Info.plist; sourceTree = "<group>"; };
/* End PBXFileReference section */

/* Begin PBXFrameworksBuildPhase section */
		7D93B4342962005600EBFB62 /* Frameworks */ = {
			isa = PBXFrameworksBuildPhase;
			buildActionMask = 2147483647;
			files = (
			);
			runOnlyForDeploymentPostprocessing = 0;
		};
/* End PBXFrameworksBuildPhase section */

/* Begin PBXGroup section */
		7D93B42E2962005600EBFB62 = {
			isa = PBXGroup;
			children = (
				7D93B4392962005600EBFB62 /* Statusify */,
				7D93B4382962005600EBFB62 /* Products */,
			);
			sourceTree = "<group>";
		};
		7D93B4382962005600EBFB62 /* Products */ = {
			isa = PBXGroup;
			children = (
				7D93B4372962005600EBFB62 /* Statusify.app */,
			);
			name = Products;
			sourceTree = "<group>";
		};
		7D93B4392962005600EBFB62 /* Statusify */ = {
			isa = PBXGroup;
			children = (
				7DA10B3929625CC50082B9D3 /* SpotifyResponse.swift */,
				7DD1476629622AAD008F56BA /* Info.plist */,
				7D93B43A2962005600EBFB62 /* StatusifyApp.swift */,
				7D93B43C2962005600EBFB62 /* ContentView.swift */,
				7D93B43E2962005900EBFB62 /* Assets.xcassets */,
				7D93B4432962005900EBFB62 /* Statusify.entitlements */,
				7D93B4402962005900EBFB62 /* Preview Content */,
				7D93B4492962028200EBFB62 /* AppDelegate.swift */,
				7D93B44D2962037C00EBFB62 /* StatusBarController.swift */,
				7D93B44B2962031F00EBFB62 /* PopoverView.swift */,
				7DD1476429621DC2008F56BA /* Shell.swift */,
			);
			path = Statusify;
			sourceTree = "<group>";
		};
		7D93B4402962005900EBFB62 /* Preview Content */ = {
			isa = PBXGroup;
			children = (
				7D93B4412962005900EBFB62 /* Preview Assets.xcassets */,
			);
			path = "Preview Content";
			sourceTree = "<group>";
		};
/* End PBXGroup section */

/* Begin PBXNativeTarget section */
		7D93B4362962005600EBFB62 /* Statusify */ = {
			isa = PBXNativeTarget;
			buildConfigurationList = 7D93B4462962005900EBFB62 /* Build configuration list for PBXNativeTarget "Statusify" */;
			buildPhases = (
				7D93B4332962005600EBFB62 /* Sources */,
				7D93B4342962005600EBFB62 /* Frameworks */,
				7D93B4352962005600EBFB62 /* Resources */,
			);
			buildRules = (
			);
			dependencies = (
			);
			name = Statusify;
			productName = Statusify;
			productReference = 7D93B4372962005600EBFB62 /* Statusify.app */;
			productType = "com.apple.product-type.application";
		};
/* End PBXNativeTarget section */

/* Begin PBXProject section */
		7D93B42F2962005600EBFB62 /* Project object */ = {
			isa = PBXProject;
			attributes = {
				BuildIndependentTargetsInParallel = 1;
				LastSwiftUpdateCheck = 1410;
				LastUpgradeCheck = 1410;
				TargetAttributes = {
					7D93B4362962005600EBFB62 = {
						CreatedOnToolsVersion = 14.1;
					};
				};
			};
			buildConfigurationList = 7D93B4322962005600EBFB62 /* Build configuration list for PBXProject "Statusify" */;
			compatibilityVersion = "Xcode 14.0";
			developmentRegion = en;
			hasScannedForEncodings = 0;
			knownRegions = (
				en,
				Base,
			);
			mainGroup = 7D93B42E2962005600EBFB62;
			productRefGroup = 7D93B4382962005600EBFB62 /* Products */;
			projectDirPath = "";
			projectRoot = "";
			targets = (
				7D93B4362962005600EBFB62 /* Statusify */,
			);
		};
/* End PBXProject section */

/* Begin PBXResourcesBuildPhase section */
		7D93B4352962005600EBFB62 /* Resources */ = {
			isa = PBXResourcesBuildPhase;
			buildActionMask = 2147483647;
			files = (
				7D93B4422962005900EBFB62 /* Preview Assets.xcassets in Resources */,
				7D93B43F2962005900EBFB62 /* Assets.xcassets in Resources */,
			);
			runOnlyForDeploymentPostprocessing = 0;
		};
/* End PBXResourcesBuildPhase section */

/* Begin PBXSourcesBuildPhase section */
		7D93B4332962005600EBFB62 /* Sources */ = {
			isa = PBXSourcesBuildPhase;
			buildActionMask = 2147483647;
			files = (
				7DD1476529621DC2008F56BA /* Shell.swift in Sources */,
				7D93B44A2962028200EBFB62 /* AppDelegate.swift in Sources */,
				7D93B43D2962005600EBFB62 /* ContentView.swift in Sources */,
				7D93B44C2962031F00EBFB62 /* PopoverView.swift in Sources */,
				7D93B44E2962037C00EBFB62 /* StatusBarController.swift in Sources */,
				7DA10B3A29625CC50082B9D3 /* SpotifyResponse.swift in Sources */,
				7D93B43B2962005600EBFB62 /* StatusifyApp.swift in Sources */,
			);
			runOnlyForDeploymentPostprocessing = 0;
		};
/* End PBXSourcesBuildPhase section */

/* Begin XCBuildConfiguration section */
		7D93B4442962005900EBFB62 /* Debug */ = {
			isa = XCBuildConfiguration;
			buildSettings = {
				ALWAYS_SEARCH_USER_PATHS = NO;
				CLANG_ANALYZER_NONNULL = YES;
				CLANG_ANALYZER_NUMBER_OBJECT_CONVERSION = YES_AGGRESSIVE;
				CLANG_CXX_LANGUAGE_STANDARD = "gnu++20";
				CLANG_ENABLE_MODULES = YES;
				CLANG_ENABLE_OBJC_ARC = YES;
				CLANG_ENABLE_OBJC_WEAK = YES;
				CLANG_WARN_BLOCK_CAPTURE_AUTORELEASING = YES;
				CLANG_WARN_BOOL_CONVERSION = YES;
				CLANG_WARN_COMMA = YES;
				CLANG_WARN_CONSTANT_CONVERSION = YES;
				CLANG_WARN_DEPRECATED_OBJC_IMPLEMENTATIONS = YES;
				CLANG_WARN_DIRECT_OBJC_ISA_USAGE = YES_ERROR;
				CLANG_WARN_DOCUMENTATION_COMMENTS = YES;
				CLANG_WARN_EMPTY_BODY = YES;
				CLANG_WARN_ENUM_CONVERSION = YES;
				CLANG_WARN_INFINITE_RECURSION = YES;
				CLANG_WARN_INT_CONVERSION = YES;
				CLANG_WARN_NON_LITERAL_NULL_CONVERSION = YES;
				CLANG_WARN_OBJC_IMPLICIT_RETAIN_SELF = YES;
				CLANG_WARN_OBJC_LITERAL_CONVERSION = YES;
				CLANG_WARN_OBJC_ROOT_CLASS = YES_ERROR;
				CLANG_WARN_QUOTED_INCLUDE_IN_FRAMEWORK_HEADER = YES;
				CLANG_WARN_RANGE_LOOP_ANALYSIS = YES;
				CLANG_WARN_STRICT_PROTOTYPES = YES;
				CLANG_WARN_SUSPICIOUS_MOVE = YES;
				CLANG_WARN_UNGUARDED_AVAILABILITY = YES_AGGRESSIVE;
				CLANG_WARN_UNREACHABLE_CODE = YES;
				CLANG_WARN__DUPLICATE_METHOD_MATCH = YES;
				COPY_PHASE_STRIP = NO;
				DEBUG_INFORMATION_FORMAT = dwarf;
				ENABLE_STRICT_OBJC_MSGSEND = YES;
				ENABLE_TESTABILITY = YES;
				GCC_C_LANGUAGE_STANDARD = gnu11;
				GCC_DYNAMIC_NO_PIC = NO;
				GCC_NO_COMMON_BLOCKS = YES;
				GCC_OPTIMIZATION_LEVEL = 0;
				GCC_PREPROCESSOR_DEFINITIONS = (
					"DEBUG=1",
					"$(inherited)",
				);
				GCC_WARN_64_TO_32_BIT_CONVERSION = YES;
				GCC_WARN_ABOUT_RETURN_TYPE = YES_ERROR;
				GCC_WARN_UNDECLARED_SELECTOR = YES;
				GCC_WARN_UNINITIALIZED_AUTOS = YES_AGGRESSIVE;
				GCC_WARN_UNUSED_FUNCTION = YES;
				GCC_WARN_UNUSED_VARIABLE = YES;
				MACOSX_DEPLOYMENT_TARGET = 12.5;
				MTL_ENABLE_DEBUG_INFO = INCLUDE_SOURCE;
				MTL_FAST_MATH = YES;
				ONLY_ACTIVE_ARCH = YES;
				SDKROOT = macosx;
				SWIFT_ACTIVE_COMPILATION_CONDITIONS = DEBUG;
				SWIFT_OPTIMIZATION_LEVEL = "-Onone";
			};
			name = Debug;
		};
		7D93B4452962005900EBFB62 /* Release */ = {
			isa = XCBuildConfiguration;
			buildSettings = {
				ALWAYS_SEARCH_USER_PATHS = NO;
				CLANG_ANALYZER_NONNULL = YES;
				CLANG_ANALYZER_NUMBER_OBJECT_CONVERSION = YES_AGGRESSIVE;
				CLANG_CXX_LANGUAGE_STANDARD = "gnu++20";
				CLANG_ENABLE_MODULES = YES;
				CLANG_ENABLE_OBJC_ARC = YES;
				CLANG_ENABLE_OBJC_WEAK = YES;
				CLANG_WARN_BLOCK_CAPTURE_AUTORELEASING = YES;
				CLANG_WARN_BOOL_CONVERSION = YES;
				CLANG_WARN_COMMA = YES;
				CLANG_WARN_CONSTANT_CONVERSION = YES;
				CLANG_WARN_DEPRECATED_OBJC_IMPLEMENTATIONS = YES;
				CLANG_WARN_DIRECT_OBJC_ISA_USAGE = YES_ERROR;
				CLANG_WARN_DOCUMENTATION_COMMENTS = YES;
				CLANG_WARN_EMPTY_BODY = YES;
				CLANG_WARN_ENUM_CONVERSION = YES;
				CLANG_WARN_INFINITE_RECURSION = YES;
				CLANG_WARN_INT_CONVERSION = YES;
				CLANG_WARN_NON_LITERAL_NULL_CONVERSION = YES;
				CLANG_WARN_OBJC_IMPLICIT_RETAIN_SELF = YES;
				CLANG_WARN_OBJC_LITERAL_CONVERSION = YES;
				CLANG_WARN_OBJC_ROOT_CLASS = YES_ERROR;
				CLANG_WARN_QUOTED_INCLUDE_IN_FRAMEWORK_HEADER = YES;
				CLANG_WARN_RANGE_LOOP_ANALYSIS = YES;
				CLANG_WARN_STRICT_PROTOTYPES = YES;
				CLANG_WARN_SUSPICIOUS_MOVE = YES;
				CLANG_WARN_UNGUARDED_AVAILABILITY = YES_AGGRESSIVE;
				CLANG_WARN_UNREACHABLE_CODE = YES;
				CLANG_WARN__DUPLICATE_METHOD_MATCH = YES;
				COPY_PHASE_STRIP = NO;
				DEBUG_INFORMATION_FORMAT = "dwarf-with-dsym";
				ENABLE_NS_ASSERTIONS = NO;
				ENABLE_STRICT_OBJC_MSGSEND = YES;
				GCC_C_LANGUAGE_STANDARD = gnu11;
				GCC_NO_COMMON_BLOCKS = YES;
				GCC_WARN_64_TO_32_BIT_CONVERSION = YES;
				GCC_WARN_ABOUT_RETURN_TYPE = YES_ERROR;
				GCC_WARN_UNDECLARED_SELECTOR = YES;
				GCC_WARN_UNINITIALIZED_AUTOS = YES_AGGRESSIVE;
				GCC_WARN_UNUSED_FUNCTION = YES;
				GCC_WARN_UNUSED_VARIABLE = YES;
				MACOSX_DEPLOYMENT_TARGET = 12.5;
				MTL_ENABLE_DEBUG_INFO = NO;
				MTL_FAST_MATH = YES;
				SDKROOT = macosx;
				SWIFT_COMPILATION_MODE = wholemodule;
				SWIFT_OPTIMIZATION_LEVEL = "-O";
			};
			name = Release;
		};
		7D93B4472962005900EBFB62 /* Debug */ = {
			isa = XCBuildConfiguration;
			buildSettings = {
				ASSETCATALOG_COMPILER_APPICON_NAME = AppIcon;
				ASSETCATALOG_COMPILER_GLOBAL_ACCENT_COLOR_NAME = AccentColor;
				CODE_SIGN_ENTITLEMENTS = Statusify/Statusify.entitlements;
				CODE_SIGN_STYLE = Automatic;
				COMBINE_HIDPI_IMAGES = YES;
				CURRENT_PROJECT_VERSION = 1;
				DEVELOPMENT_ASSET_PATHS = "\"Statusify/Preview Content\"";
				DEVELOPMENT_TEAM = 59395BJ4LN;
				ENABLE_HARDENED_RUNTIME = YES;
				ENABLE_PREVIEWS = YES;
				GENERATE_INFOPLIST_FILE = YES;
				INFOPLIST_FILE = Statusify/Info.plist;
				INFOPLIST_KEY_LSUIElement = YES;
				INFOPLIST_KEY_NSHumanReadableCopyright = "";
				LD_RUNPATH_SEARCH_PATHS = (
					"$(inherited)",
					"@executable_path/../Frameworks",
				);
				MARKETING_VERSION = 1.0;
				PRODUCT_BUNDLE_IDENTIFIER = com.rmchorgh.Statusify;
				PRODUCT_NAME = "$(TARGET_NAME)";
				SWIFT_EMIT_LOC_STRINGS = YES;
				SWIFT_VERSION = 5.0;
			};
			name = Debug;
		};
		7D93B4482962005900EBFB62 /* Release */ = {
			isa = XCBuildConfiguration;
			buildSettings = {
				ASSETCATALOG_COMPILER_APPICON_NAME = AppIcon;
				ASSETCATALOG_COMPILER_GLOBAL_ACCENT_COLOR_NAME = AccentColor;
				CODE_SIGN_ENTITLEMENTS = Statusify/Statusify.entitlements;
				CODE_SIGN_STYLE = Automatic;
				COMBINE_HIDPI_IMAGES = YES;
				CURRENT_PROJECT_VERSION = 1;
				DEVELOPMENT_ASSET_PATHS = "\"Statusify/Preview Content\"";
				DEVELOPMENT_TEAM = 59395BJ4LN;
				ENABLE_HARDENED_RUNTIME = YES;
				ENABLE_PREVIEWS = YES;
				GENERATE_INFOPLIST_FILE = YES;
				INFOPLIST_FILE = Statusify/Info.plist;
				INFOPLIST_KEY_LSUIElement = YES;
				INFOPLIST_KEY_NSHumanReadableCopyright = "";
				LD_RUNPATH_SEARCH_PATHS = (
					"$(inherited)",
					"@executable_path/../Frameworks",
				);
				MARKETING_VERSION = 1.0;
				PRODUCT_BUNDLE_IDENTIFIER = com.rmchorgh.Statusify;
				PRODUCT_NAME = "$(TARGET_NAME)";
				SWIFT_EMIT_LOC_STRINGS = YES;
				SWIFT_VERSION = 5.0;
			};
			name = Release;
		};
/* End XCBuildConfiguration section */

/* Begin XCConfigurationList section */
		7D93B4322962005600EBFB62 /* Build configuration list for PBXProject "Statusify" */ = {
			isa = XCConfigurationList;
			buildConfigurations = (
				7D93B4442962005900EBFB62 /* Debug */,
				7D93B4452962005900EBFB62 /* Release */,
			);
			defaultConfigurationIsVisible = 0;
			defaultConfigurationName = Release;
		};
		7D93B4462962005900EBFB62 /* Build configuration list for PBXNativeTarget "Statusify" */ = {
			isa = XCConfigurationList;
			buildConfigurations = (
				7D93B4472962005900EBFB62 /* Debug */,
				7D93B4482962005900EBFB62 /* Release */,
			);
			defaultConfigurationIsVisible = 0;
			defaultConfigurationName = Release;
		};
/* End XCConfigurationList section */
	};
	rootObject = 7D93B42F2962005600EBFB62 /* Project object */;
}
